
Microsoft Visual Studio Solution File, Format Version 12.00
# Visual Studio Version 17
VisualStudioVersion = 17.6.33801.468
MinimumVisualStudioVersion = 10.0.40219.1
Project("{FAE04EC0-301F-11D3-BF4B-00C04F79EFBC}") = "SampleWeather", "SampleWeather\SampleWeather.csproj", "{F5B03B11-4E6C-4678-9477-FE858EE8C841}"
EndProject
Global
	GlobalSection(SolutionConfigurationPlatforms) = preSolution
		Debug|Any CPU = Debug|Any CPU
		Release|Any CPU = Release|Any CPU
	EndGlobalSection
	GlobalSection(ProjectConfigurationPlatforms) = postSolution
		{F5B03B11-4E6C-4678-9477-FE858EE8C841}.Debug|Any CPU.ActiveCfg = Debug|Any CPU
		{F5B03B11-4E6C-4678-9477-FE858EE8C841}.Debug|Any CPU.Build.0 = Debug|Any CPU
		{F5B03B11-4E6C-4678-9477-FE858EE8C841}.Release|Any CPU.ActiveCfg = Release|Any CPU
		{F5B03B11-4E6C-4678-9477-FE858EE8C841}.Release|Any CPU.Build.0 = Release|Any CPU
	EndGlobalSection
	GlobalSection(SolutionProperties) = preSolution
		HideSolutionNode = FALSE
	EndGlobalSection
	GlobalSection(ExtensibilityGlobals) = postSolution
		SolutionGuid = {64FF6DC8-8EED-47C6-AAAE-E99F172A9EBA}
	EndGlobalSection
EndGlobal
